
Microsoft Visual Studio Solution File, Format Version 12.00
# Visual Studio Version 17
VisualStudioVersion = 17.7.34031.279
MinimumVisualStudioVersion = 10.0.40219.1
Project("{FAE04EC0-301F-11D3-BF4B-00C04F79EFBC}") = "OAuth", "OAuth.csproj", "{A3203B13-3460-42B1-9873-AE2B78925109}"
EndProject
Global
	GlobalSection(SolutionConfigurationPlatforms) = preSolution
		Debug|Any CPU = Debug|Any CPU
		Release|Any CPU = Release|Any CPU
	EndGlobalSection
	GlobalSection(ProjectConfigurationPlatforms) = postSolution
		{A3203B13-3460-42B1-9873-AE2B78925109}.Debug|Any CPU.ActiveCfg = Debug|Any CPU
		{A3203B13-3460-42B1-9873-AE2B78925109}.Debug|Any CPU.Build.0 = Debug|Any CPU
		{A3203B13-3460-42B1-9873-AE2B78925109}.Release|Any CPU.ActiveCfg = Release|Any CPU
		{A3203B13-3460-42B1-9873-AE2B78925109}.Release|Any CPU.Build.0 = Release|Any CPU
	EndGlobalSection
	GlobalSection(SolutionProperties) = preSolution
		HideSolutionNode = FALSE
	EndGlobalSection
	GlobalSection(ExtensibilityGlobals) = postSolution
		SolutionGuid = {985EFD15-5922-4EA6-ACCF-87E739B0B1DB}
	EndGlobalSection
EndGlobal
